
Microsoft Visual Studio Solution File, Format Version 12.00
# Visual Studio Version 16
VisualStudioVersion = 16.0.31605.320
MinimumVisualStudioVersion = 10.0.40219.1
Project("{FAE04EC0-301F-11D3-BF4B-00C04F79EFBC}") = "OkUmbraco.Web", "OkUmbraco\OkUmbraco.Web.csproj", "{3EA4C0C9-C416-4139-BA4C-BF9348FC2390}"
EndProject
Project("{FAE04EC0-301F-11D3-BF4B-00C04F79EFBC}") = "OkUmbraco.Core", "OkUmbraco.Core\OkUmbraco.Core.csproj", "{43A43A99-2488-4718-91B8-5E50B0A67D60}"
EndProject
Global
	GlobalSection(SolutionConfigurationPlatforms) = preSolution
		Debug|Any CPU = Debug|Any CPU
		Release|Any CPU = Release|Any CPU
	EndGlobalSection
	GlobalSection(ProjectConfigurationPlatforms) = postSolution
		{3EA4C0C9-C416-4139-BA4C-BF9348FC2390}.Debug|Any CPU.ActiveCfg = Debug|Any CPU
		{3EA4C0C9-C416-4139-BA4C-BF9348FC2390}.Debug|Any CPU.Build.0 = Debug|Any CPU
		{3EA4C0C9-C416-4139-BA4C-BF9348FC2390}.Release|Any CPU.ActiveCfg = Release|Any CPU
		{3EA4C0C9-C416-4139-BA4C-BF9348FC2390}.Release|Any CPU.Build.0 = Release|Any CPU
		{43A43A99-2488-4718-91B8-5E50B0A67D60}.Debug|Any CPU.ActiveCfg = Debug|Any CPU
		{43A43A99-2488-4718-91B8-5E50B0A67D60}.Debug|Any CPU.Build.0 = Debug|Any CPU
		{43A43A99-2488-4718-91B8-5E50B0A67D60}.Release|Any CPU.ActiveCfg = Release|Any CPU
		{43A43A99-2488-4718-91B8-5E50B0A67D60}.Release|Any CPU.Build.0 = Release|Any CPU
	EndGlobalSection
	GlobalSection(SolutionProperties) = preSolution
		HideSolutionNode = FALSE
	EndGlobalSection
	GlobalSection(ExtensibilityGlobals) = postSolution
		SolutionGuid = {E089A050-2AF5-4901-9A6E-5FF0F3626AFD}
	EndGlobalSection
EndGlobal
